
Microsoft Visual Studio Solution File, Format Version 12.00
# Visual Studio Version 16
VisualStudioVersion = 16.0.29709.97
MinimumVisualStudioVersion = 10.0.40219.1
Project("{FAE04EC0-301F-11D3-BF4B-00C04F79EFBC}") = "ResxSync.UI", "ResxSync.UI\ResxSync.UI.csproj", "{6981C980-53E0-46B6-814B-8BE9C3B209AD}"
EndProject
Global
	GlobalSection(SolutionConfigurationPlatforms) = preSolution
		Debug|Any CPU = Debug|Any CPU
		Release|Any CPU = Release|Any CPU
	EndGlobalSection
	GlobalSection(ProjectConfigurationPlatforms) = postSolution
		{6981C980-53E0-46B6-814B-8BE9C3B209AD}.Debug|Any CPU.ActiveCfg = Debug|Any CPU
		{6981C980-53E0-46B6-814B-8BE9C3B209AD}.Debug|Any CPU.Build.0 = Debug|Any CPU
		{6981C980-53E0-46B6-814B-8BE9C3B209AD}.Release|Any CPU.ActiveCfg = Release|Any CPU
		{6981C980-53E0-46B6-814B-8BE9C3B209AD}.Release|Any CPU.Build.0 = Release|Any CPU
	EndGlobalSection
	GlobalSection(SolutionProperties) = preSolution
		HideSolutionNode = FALSE
	EndGlobalSection
	GlobalSection(ExtensibilityGlobals) = postSolution
		SolutionGuid = {B67190EE-BFAE-4673-999A-8670F02C096B}
	EndGlobalSection
EndGlobal
